
Microsoft Visual Studio Solution File, Format Version 12.00
# Visual Studio Version 17
VisualStudioVersion = 17.5.2.0
MinimumVisualStudioVersion = 10.0.40219.1
Project("{9A19103F-16F7-4668-BE54-9A1E7A4F7556}") = "DiaryApp", "DiaryApp\DiaryApp.csproj", "{252EBCE8-14DD-4834-993F-A0ED76FB2090}"
EndProject
Project("{FAE04EC0-301F-11D3-BF4B-00C04F79EFBC}") = "WebDiaryAPI", "WebDiaryAPI\WebDiaryAPI.csproj", "{7E6ADAB7-13EB-4330-9C95-DDC5D6AA80AE}"
EndProject
Project("{FAE04EC0-301F-11D3-BF4B-00C04F79EFBC}") = "DevSpot", "DevSpot\DevSpot.csproj", "{99C6CF5A-3EE2-43A5-AB3B-6377441B8CC8}"
EndProject
Global
	GlobalSection(SolutionConfigurationPlatforms) = preSolution
		Debug|Any CPU = Debug|Any CPU
		Debug|x64 = Debug|x64
		Debug|x86 = Debug|x86
		Release|Any CPU = Release|Any CPU
		Release|x64 = Release|x64
		Release|x86 = Release|x86
	EndGlobalSection
	GlobalSection(ProjectConfigurationPlatforms) = postSolution
		{252EBCE8-14DD-4834-993F-A0ED76FB2090}.Debug|Any CPU.ActiveCfg = Debug|Any CPU
		{252EBCE8-14DD-4834-993F-A0ED76FB2090}.Debug|Any CPU.Build.0 = Debug|Any CPU
		{252EBCE8-14DD-4834-993F-A0ED76FB2090}.Debug|x64.ActiveCfg = Debug|Any CPU
		{252EBCE8-14DD-4834-993F-A0ED76FB2090}.Debug|x64.Build.0 = Debug|Any CPU
		{252EBCE8-14DD-4834-993F-A0ED76FB2090}.Debug|x86.ActiveCfg = Debug|Any CPU
		{252EBCE8-14DD-4834-993F-A0ED76FB2090}.Debug|x86.Build.0 = Debug|Any CPU
		{252EBCE8-14DD-4834-993F-A0ED76FB2090}.Release|Any CPU.ActiveCfg = Release|Any CPU
		{252EBCE8-14DD-4834-993F-A0ED76FB2090}.Release|Any CPU.Build.0 = Release|Any CPU
		{252EBCE8-14DD-4834-993F-A0ED76FB2090}.Release|x64.ActiveCfg = Release|Any CPU
		{252EBCE8-14DD-4834-993F-A0ED76FB2090}.Release|x64.Build.0 = Release|Any CPU
		{252EBCE8-14DD-4834-993F-A0ED76FB2090}.Release|x86.ActiveCfg = Release|Any CPU
		{252EBCE8-14DD-4834-993F-A0ED76FB2090}.Release|x86.Build.0 = Release|Any CPU
		{7E6ADAB7-13EB-4330-9C95-DDC5D6AA80AE}.Debug|Any CPU.ActiveCfg = Debug|Any CPU
		{7E6ADAB7-13EB-4330-9C95-DDC5D6AA80AE}.Debug|Any CPU.Build.0 = Debug|Any CPU
		{7E6ADAB7-13EB-4330-9C95-DDC5D6AA80AE}.Debug|x64.ActiveCfg = Debug|Any CPU
		{7E6ADAB7-13EB-4330-9C95-DDC5D6AA80AE}.Debug|x64.Build.0 = Debug|Any CPU
		{7E6ADAB7-13EB-4330-9C95-DDC5D6AA80AE}.Debug|x86.ActiveCfg = Debug|Any CPU
		{7E6ADAB7-13EB-4330-9C95-DDC5D6AA80AE}.Debug|x86.Build.0 = Debug|Any CPU
		{7E6ADAB7-13EB-4330-9C95-DDC5D6AA80AE}.Release|Any CPU.ActiveCfg = Release|Any CPU
		{7E6ADAB7-13EB-4330-9C95-DDC5D6AA80AE}.Release|Any CPU.Build.0 = Release|Any CPU
		{7E6ADAB7-13EB-4330-9C95-DDC5D6AA80AE}.Release|x64.ActiveCfg = Release|Any CPU
		{7E6ADAB7-13EB-4330-9C95-DDC5D6AA80AE}.Release|x64.Build.0 = Release|Any CPU
		{7E6ADAB7-13EB-4330-9C95-DDC5D6AA80AE}.Release|x86.ActiveCfg = Release|Any CPU
		{7E6ADAB7-13EB-4330-9C95-DDC5D6AA80AE}.Release|x86.Build.0 = Release|Any CPU
		{99C6CF5A-3EE2-43A5-AB3B-6377441B8CC8}.Debug|Any CPU.ActiveCfg = Debug|Any CPU
		{99C6CF5A-3EE2-43A5-AB3B-6377441B8CC8}.Debug|Any CPU.Build.0 = Debug|Any CPU
		{99C6CF5A-3EE2-43A5-AB3B-6377441B8CC8}.Debug|x64.ActiveCfg = Debug|Any CPU
		{99C6CF5A-3EE2-43A5-AB3B-6377441B8CC8}.Debug|x64.Build.0 = Debug|Any CPU
		{99C6CF5A-3EE2-43A5-AB3B-6377441B8CC8}.Debug|x86.ActiveCfg = Debug|Any CPU
		{99C6CF5A-3EE2-43A5-AB3B-6377441B8CC8}.Debug|x86.Build.0 = Debug|Any CPU
		{99C6CF5A-3EE2-43A5-AB3B-6377441B8CC8}.Release|Any CPU.ActiveCfg = Release|Any CPU
		{99C6CF5A-3EE2-43A5-AB3B-6377441B8CC8}.Release|Any CPU.Build.0 = Release|Any CPU
		{99C6CF5A-3EE2-43A5-AB3B-6377441B8CC8}.Release|x64.ActiveCfg = Release|Any CPU
		{99C6CF5A-3EE2-43A5-AB3B-6377441B8CC8}.Release|x64.Build.0 = Release|Any CPU
		{99C6CF5A-3EE2-43A5-AB3B-6377441B8CC8}.Release|x86.ActiveCfg = Release|Any CPU
		{99C6CF5A-3EE2-43A5-AB3B-6377441B8CC8}.Release|x86.Build.0 = Release|Any CPU
	EndGlobalSection
	GlobalSection(SolutionProperties) = preSolution
		HideSolutionNode = FALSE
	EndGlobalSection
	GlobalSection(ExtensibilityGlobals) = postSolution
		SolutionGuid = {A43101F5-3D21-4915-B560-E45F58C78A18}
	EndGlobalSection
EndGlobal
